# THIS IS AN AUTOGENERATED FILE. DO NOT EDIT THIS FILE DIRECTLY.
# yarn lockfile v1


"@esbuild/aix-ppc64@0.25.10":
  version "0.25.10"
  resolved "https://registry.yarnpkg.com/@esbuild/aix-ppc64/-/aix-ppc64-0.25.10.tgz#ee6b7163a13528e099ecf562b972f2bcebe0aa97"
  integrity sha512-0NFWnA+7l41irNuaSVlLfgNT12caWJVLzp5eAVhZ0z1qpxbockccEt3s+149rE64VUI3Ml2zt8Nv5JVc4QXTsw==

"@esbuild/android-arm64@0.25.10":
  version "0.25.10"
  resolved "https://registry.yarnpkg.com/@esbuild/android-arm64/-/android-arm64-0.25.10.tgz#115fc76631e82dd06811bfaf2db0d4979c16e2cb"
  integrity sha512-LSQa7eDahypv/VO6WKohZGPSJDq5OVOo3UoFR1E4t4Gj1W7zEQMUhI+lo81H+DtB+kP+tDgBp+M4oNCwp6kffg==

"@esbuild/android-arm@0.25.10":
  version "0.25.10"
  resolved "https://registry.yarnpkg.com/@esbuild/android-arm/-/android-arm-0.25.10.tgz#8d5811912da77f615398611e5bbc1333fe321aa9"
  integrity sha512-dQAxF1dW1C3zpeCDc5KqIYuZ1tgAdRXNoZP7vkBIRtKZPYe2xVr/d3SkirklCHudW1B45tGiUlz2pUWDfbDD4w==

"@esbuild/android-x64@0.25.10":
  version "0.25.10"
  resolved "https://registry.yarnpkg.com/@esbuild/android-x64/-/android-x64-0.25.10.tgz#e3e96516b2d50d74105bb92594c473e30ddc16b1"
  integrity sha512-MiC9CWdPrfhibcXwr39p9ha1x0lZJ9KaVfvzA0Wxwz9ETX4v5CHfF09bx935nHlhi+MxhA63dKRRQLiVgSUtEg==

"@esbuild/darwin-arm64@0.25.10":
  version "0.25.10"
  resolved "https://registry.yarnpkg.com/@esbuild/darwin-arm64/-/darwin-arm64-0.25.10.tgz#6af6bb1d05887dac515de1b162b59dc71212ed76"
  integrity sha512-JC74bdXcQEpW9KkV326WpZZjLguSZ3DfS8wrrvPMHgQOIEIG/sPXEN/V8IssoJhbefLRcRqw6RQH2NnpdprtMA==

"@esbuild/darwin-x64@0.25.10":
  version "0.25.10"
  resolved "https://registry.yarnpkg.com/@esbuild/darwin-x64/-/darwin-x64-0.25.10.tgz#99ae82347fbd336fc2d28ffd4f05694e6e5b723d"
  integrity sha512-tguWg1olF6DGqzws97pKZ8G2L7Ig1vjDmGTwcTuYHbuU6TTjJe5FXbgs5C1BBzHbJ2bo1m3WkQDbWO2PvamRcg==

"@esbuild/freebsd-arm64@0.25.10":
  version "0.25.10"
  resolved "https://registry.yarnpkg.com/@esbuild/freebsd-arm64/-/freebsd-arm64-0.25.10.tgz#0c6d5558a6322b0bdb17f7025c19bd7d2359437d"
  integrity sha512-3ZioSQSg1HT2N05YxeJWYR+Libe3bREVSdWhEEgExWaDtyFbbXWb49QgPvFH8u03vUPX10JhJPcz7s9t9+boWg==

"@esbuild/freebsd-x64@0.25.10":
  version "0.25.10"
  resolved "https://registry.yarnpkg.com/@esbuild/freebsd-x64/-/freebsd-x64-0.25.10.tgz#8c35873fab8c0857a75300a3dcce4324ca0b9844"
  integrity sha512-LLgJfHJk014Aa4anGDbh8bmI5Lk+QidDmGzuC2D+vP7mv/GeSN+H39zOf7pN5N8p059FcOfs2bVlrRr4SK9WxA==

"@esbuild/linux-arm64@0.25.10":
  version "0.25.10"
  resolved "https://registry.yarnpkg.com/@esbuild/linux-arm64/-/linux-arm64-0.25.10.tgz#3edc2f87b889a15b4cedaf65f498c2bed7b16b90"
  integrity sha512-5luJWN6YKBsawd5f9i4+c+geYiVEw20FVW5x0v1kEMWNq8UctFjDiMATBxLvmmHA4bf7F6hTRaJgtghFr9iziQ==

"@esbuild/linux-arm@0.25.10":
  version "0.25.10"
  resolved "https://registry.yarnpkg.com/@esbuild/linux-arm/-/linux-arm-0.25.10.tgz#86501cfdfb3d110176d80c41b27ed4611471cde7"
  integrity sha512-oR31GtBTFYCqEBALI9r6WxoU/ZofZl962pouZRTEYECvNF/dtXKku8YXcJkhgK/beU+zedXfIzHijSRapJY3vg==

"@esbuild/linux-ia32@0.25.10":
  version "0.25.10"
  resolved "https://registry.yarnpkg.com/@esbuild/linux-ia32/-/linux-ia32-0.25.10.tgz#e6589877876142537c6864680cd5d26a622b9d97"
  integrity sha512-NrSCx2Kim3EnnWgS4Txn0QGt0Xipoumb6z6sUtl5bOEZIVKhzfyp/Lyw4C1DIYvzeW/5mWYPBFJU3a/8Yr75DQ==

"@esbuild/linux-loong64@0.25.10":
  version "0.25.10"
  resolved "https://registry.yarnpkg.com/@esbuild/linux-loong64/-/linux-loong64-0.25.10.tgz#11119e18781f136d8083ea10eb6be73db7532de8"
  integrity sha512-xoSphrd4AZda8+rUDDfD9J6FUMjrkTz8itpTITM4/xgerAZZcFW7Dv+sun7333IfKxGG8gAq+3NbfEMJfiY+Eg==

"@esbuild/linux-mips64el@0.25.10":
  version "0.25.10"
  resolved "https://registry.yarnpkg.com/@esbuild/linux-mips64el/-/linux-mips64el-0.25.10.tgz#3052f5436b0c0c67a25658d5fc87f045e7def9e6"
  integrity sha512-ab6eiuCwoMmYDyTnyptoKkVS3k8fy/1Uvq7Dj5czXI6DF2GqD2ToInBI0SHOp5/X1BdZ26RKc5+qjQNGRBelRA==

"@esbuild/linux-ppc64@0.25.10":
  version "0.25.10"
  resolved "https://registry.yarnpkg.com/@esbuild/linux-ppc64/-/linux-ppc64-0.25.10.tgz#2f098920ee5be2ce799f35e367b28709925a8744"
  integrity sha512-NLinzzOgZQsGpsTkEbdJTCanwA5/wozN9dSgEl12haXJBzMTpssebuXR42bthOF3z7zXFWH1AmvWunUCkBE4EA==

"@esbuild/linux-riscv64@0.25.10":
  version "0.25.10"
  resolved "https://registry.yarnpkg.com/@esbuild/linux-riscv64/-/linux-riscv64-0.25.10.tgz#fa51d7fd0a22a62b51b4b94b405a3198cf7405dd"
  integrity sha512-FE557XdZDrtX8NMIeA8LBJX3dC2M8VGXwfrQWU7LB5SLOajfJIxmSdyL/gU1m64Zs9CBKvm4UAuBp5aJ8OgnrA==

"@esbuild/linux-s390x@0.25.10":
  version "0.25.10"
  resolved "https://registry.yarnpkg.com/@esbuild/linux-s390x/-/linux-s390x-0.25.10.tgz#a27642e36fc282748fdb38954bd3ef4f85791e8a"
  integrity sha512-3BBSbgzuB9ajLoVZk0mGu+EHlBwkusRmeNYdqmznmMc9zGASFjSsxgkNsqmXugpPk00gJ0JNKh/97nxmjctdew==

"@esbuild/linux-x64@0.25.10":
  version "0.25.10"
  resolved "https://registry.yarnpkg.com/@esbuild/linux-x64/-/linux-x64-0.25.10.tgz#9d9b09c0033d17529570ced6d813f98315dfe4e9"
  integrity sha512-QSX81KhFoZGwenVyPoberggdW1nrQZSvfVDAIUXr3WqLRZGZqWk/P4T8p2SP+de2Sr5HPcvjhcJzEiulKgnxtA==

"@esbuild/netbsd-arm64@0.25.10":
  version "0.25.10"
  resolved "https://registry.yarnpkg.com/@esbuild/netbsd-arm64/-/netbsd-arm64-0.25.10.tgz#25c09a659c97e8af19e3f2afd1c9190435802151"
  integrity sha512-AKQM3gfYfSW8XRk8DdMCzaLUFB15dTrZfnX8WXQoOUpUBQ+NaAFCP1kPS/ykbbGYz7rxn0WS48/81l9hFl3u4A==

"@esbuild/netbsd-x64@0.25.10":
  version "0.25.10"
  resolved "https://registry.yarnpkg.com/@esbuild/netbsd-x64/-/netbsd-x64-0.25.10.tgz#7fa5f6ffc19be3a0f6f5fd32c90df3dc2506937a"
  integrity sha512-7RTytDPGU6fek/hWuN9qQpeGPBZFfB4zZgcz2VK2Z5VpdUxEI8JKYsg3JfO0n/Z1E/6l05n0unDCNc4HnhQGig==

"@esbuild/openbsd-arm64@0.25.10":
  version "0.25.10"
  resolved "https://registry.yarnpkg.com/@esbuild/openbsd-arm64/-/openbsd-arm64-0.25.10.tgz#8faa6aa1afca0c6d024398321d6cb1c18e72a1c3"
  integrity sha512-5Se0VM9Wtq797YFn+dLimf2Zx6McttsH2olUBsDml+lm0GOCRVebRWUvDtkY4BWYv/3NgzS8b/UM3jQNh5hYyw==

"@esbuild/openbsd-x64@0.25.10":
  version "0.25.10"
  resolved "https://registry.yarnpkg.com/@esbuild/openbsd-x64/-/openbsd-x64-0.25.10.tgz#a42979b016f29559a8453d32440d3c8cd420af5e"
  integrity sha512-XkA4frq1TLj4bEMB+2HnI0+4RnjbuGZfet2gs/LNs5Hc7D89ZQBHQ0gL2ND6Lzu1+QVkjp3x1gIcPKzRNP8bXw==

"@esbuild/openharmony-arm64@0.25.10":
  version "0.25.10"
  resolved "https://registry.yarnpkg.com/@esbuild/openharmony-arm64/-/openharmony-arm64-0.25.10.tgz#fd87bfeadd7eeb3aa384bbba907459ffa3197cb1"
  integrity sha512-AVTSBhTX8Y/Fz6OmIVBip9tJzZEUcY8WLh7I59+upa5/GPhh2/aM6bvOMQySspnCCHvFi79kMtdJS1w0DXAeag==

"@esbuild/sunos-x64@0.25.10":
  version "0.25.10"
  resolved "https://registry.yarnpkg.com/@esbuild/sunos-x64/-/sunos-x64-0.25.10.tgz#3a18f590e36cb78ae7397976b760b2b8c74407f4"
  integrity sha512-fswk3XT0Uf2pGJmOpDB7yknqhVkJQkAQOcW/ccVOtfx05LkbWOaRAtn5SaqXypeKQra1QaEa841PgrSL9ubSPQ==

"@esbuild/win32-arm64@0.25.10":
  version "0.25.10"
  resolved "https://registry.yarnpkg.com/@esbuild/win32-arm64/-/win32-arm64-0.25.10.tgz#e71741a251e3fd971408827a529d2325551f530c"
  integrity sha512-ah+9b59KDTSfpaCg6VdJoOQvKjI33nTaQr4UluQwW7aEwZQsbMCfTmfEO4VyewOxx4RaDT/xCy9ra2GPWmO7Kw==

"@esbuild/win32-ia32@0.25.10":
  version "0.25.10"
  resolved "https://registry.yarnpkg.com/@esbuild/win32-ia32/-/win32-ia32-0.25.10.tgz#c6f010b5d3b943d8901a0c87ea55f93b8b54bf94"
  integrity sha512-QHPDbKkrGO8/cz9LKVnJU22HOi4pxZnZhhA2HYHez5Pz4JeffhDjf85E57Oyco163GnzNCVkZK0b/n4Y0UHcSw==

"@esbuild/win32-x64@0.25.10":
  version "0.25.10"
  resolved "https://registry.yarnpkg.com/@esbuild/win32-x64/-/win32-x64-0.25.10.tgz#e4b3e255a1b4aea84f6e1d2ae0b73f826c3785bd"
  integrity sha512-9KpxSVFCu0iK1owoez6aC/s/EdUQLDN3adTxGCqxMVhrPDj6bt5dbrHDXUuq+Bs2vATFBBrQS5vdQ/Ed2P+nbw==

"@sindresorhus/is@^5.2.0":
  version "5.6.0"
  resolved "https://registry.yarnpkg.com/@sindresorhus/is/-/is-5.6.0.tgz#41dd6093d34652cddb5d5bdeee04eafc33826668"
  integrity sha512-TV7t8GKYaJWsn00tFDqBw8+Uqmr8A0fRU1tvTQhyZzGv0sJCGRQL3JGMI3ucuKo3XIZdUP+Lx7/gh2t3lewy7g==

"@szmarczak/http-timer@^5.0.1":
  version "5.0.1"
  resolved "https://registry.yarnpkg.com/@szmarczak/http-timer/-/http-timer-5.0.1.tgz#c7c1bf1141cdd4751b0399c8fc7b8b664cd5be3a"
  integrity sha512-+PmQX0PiAYPMeVYe237LJAYvOMYW1j2rH5YROyS3b4CTVJum34HfRvKvAzozHAQG0TnHNdUfY9nCeUyRAs//cw==
  dependencies:
    defer-to-connect "^2.0.1"

"@types/gamedig@^5.0.3":
  version "5.0.3"
  resolved "https://registry.yarnpkg.com/@types/gamedig/-/gamedig-5.0.3.tgz#9f1edc33d342f5c78fb7dc7594c77a510a971f93"
  integrity sha512-VLrOVRf72wVE6P0DhFtRVodiONwL51uojn6dNpP/Ks/Vdm3CDH6dZTAw74WmCDLuyvpytNy8auKzlTKfBlO8jg==

"@types/http-cache-semantics@^4.0.2":
  version "4.0.4"
  resolved "https://registry.yarnpkg.com/@types/http-cache-semantics/-/http-cache-semantics-4.0.4.tgz#b979ebad3919799c979b17c72621c0bc0a31c6c4"
  integrity sha512-1m0bIFVc7eJWyve9S0RnuRgcQqF/Xd5QsUZAZeQFr1Q3/p9JWoQQEqmVy+DPTNpGXwhgIetAoYF8JSc33q29QA==

"@types/node@^24.0.0":
  version "24.7.2"
  resolved "https://registry.yarnpkg.com/@types/node/-/node-24.7.2.tgz#5adf66b6e2ac5cab1d10a2ad3682e359cb652f4a"
  integrity sha512-/NbVmcGTP+lj5oa4yiYxxeBjRivKQ5Ns1eSZeB99ExsEQ6rX5XYU1Zy/gGxY/ilqtD4Etx9mKyrPxZRetiahhA==
  dependencies:
    undici-types "~7.14.0"

accepts@^2.0.0:
  version "2.0.0"
  resolved "https://registry.yarnpkg.com/accepts/-/accepts-2.0.0.tgz#bbcf4ba5075467f3f2131eab3cffc73c2f5d7895"
  integrity sha512-5cvg6CtKwfgdmVqY1WIiXKc3Q1bkRqGLi+2W/6ao+6Y7gu/RCwRuAhGEzh5B4KlszSuTLgZYuqFqo5bImjNKng==
  dependencies:
    mime-types "^3.0.0"
    negotiator "^1.0.0"

any-promise@^1.1.0:
  version "1.3.0"
  resolved "https://registry.yarnpkg.com/any-promise/-/any-promise-1.3.0.tgz#abc6afeedcea52e809cdc0376aed3ce39635d17f"
  integrity sha512-7UvmKalWRt1wgjL1RrGxoSJW/0QZFIegpeGvZG9kjp8vrRu55XTHbwnqq2GpXm9uLbcuhxm3IqX9OB4MZR1b2A==

barse@~0.4.2:
  version "0.4.3"
  resolved "https://registry.yarnpkg.com/barse/-/barse-0.4.3.tgz#289864d795d0102bbbb181e66ecd08c54a1bc0cb"
  integrity sha512-UEpvriJqAn8zuVinYICuKoPttZy3XxXEoqX/V2uYAL4zzJRuNzCK3+20nAu3YUIa2U7G53kf90wfBIp9/A+Odw==
  dependencies:
    readable-stream "~1.0.2"

body-parser@^2.2.0:
  version "2.2.0"
  resolved "https://registry.yarnpkg.com/body-parser/-/body-parser-2.2.0.tgz#f7a9656de305249a715b549b7b8fd1ab9dfddcfa"
  integrity sha512-02qvAaxv8tp7fBa/mw1ga98OGm+eCbqzJOKoRt70sLmfEEi+jyBYVTDGfCL/k06/4EMk/z01gCe7HoCH/f2LTg==
  dependencies:
    bytes "^3.1.2"
    content-type "^1.0.5"
    debug "^4.4.0"
    http-errors "^2.0.0"
    iconv-lite "^0.6.3"
    on-finished "^2.4.1"
    qs "^6.14.0"
    raw-body "^3.0.0"
    type-is "^2.0.0"

bytes@3.1.2, bytes@^3.1.2:
  version "3.1.2"
  resolved "https://registry.yarnpkg.com/bytes/-/bytes-3.1.2.tgz#8b0beeb98605adf1b128fa4386403c009e0221a5"
  integrity sha512-/Nf7TyzTx6S3yRJObOAV7956r8cr2+Oj8AC5dt8wSP3BQAoeX58NoHyCU8P8zGkNXStjTSi6fzO6F0pBdcYbEg==

cacheable-lookup@^7.0.0:
  version "7.0.0"
  resolved "https://registry.yarnpkg.com/cacheable-lookup/-/cacheable-lookup-7.0.0.tgz#3476a8215d046e5a3202a9209dd13fec1f933a27"
  integrity sha512-+qJyx4xiKra8mZrcwhjMRMUhD5NR1R8esPkzIYxX96JiecFoxAXFuz/GpR3+ev4PE1WamHip78wV0vcmPQtp8w==

cacheable-request@^10.2.8:
  version "10.2.14"
  resolved "https://registry.yarnpkg.com/cacheable-request/-/cacheable-request-10.2.14.tgz#eb915b665fda41b79652782df3f553449c406b9d"
  integrity sha512-zkDT5WAF4hSSoUgyfg5tFIxz8XQK+25W/TLVojJTMKBaxevLBBtLxgqguAuVQB8PVW79FVjHcU+GJ9tVbDZ9mQ==
  dependencies:
    "@types/http-cache-semantics" "^4.0.2"
    get-stream "^6.0.1"
    http-cache-semantics "^4.1.1"
    keyv "^4.5.3"
    mimic-response "^4.0.0"
    normalize-url "^8.0.0"
    responselike "^3.0.0"

call-bind-apply-helpers@^1.0.1, call-bind-apply-helpers@^1.0.2:
  version "1.0.2"
  resolved "https://registry.yarnpkg.com/call-bind-apply-helpers/-/call-bind-apply-helpers-1.0.2.tgz#4b5428c222be985d79c3d82657479dbe0b59b2d6"
  integrity sha512-Sp1ablJ0ivDkSzjcaJdxEunN5/XvksFJ2sMBFfq6x0ryhQV/2b/KwFe21cMpmHtPOSij8K99/wSfoEuTObmuMQ==
  dependencies:
    es-errors "^1.3.0"
    function-bind "^1.1.2"

call-bound@^1.0.2:
  version "1.0.4"
  resolved "https://registry.yarnpkg.com/call-bound/-/call-bound-1.0.4.tgz#238de935d2a2a692928c538c7ccfa91067fd062a"
  integrity sha512-+ys997U96po4Kx/ABpBCqhA9EuxJaQWDQg7295H4hBphv3IZg0boBKuwYpt4YXp6MZ5AmZQnU/tyMTlRpaSejg==
  dependencies:
    call-bind-apply-helpers "^1.0.2"
    get-intrinsic "^1.3.0"

commander@^6.0.0:
  version "6.2.1"
  resolved "https://registry.yarnpkg.com/commander/-/commander-6.2.1.tgz#0792eb682dfbc325999bb2b84fddddba110ac73c"
  integrity sha512-U7VdrJFnJgo4xjrHpTzu0yrHPGImdsmD95ZlgYSEajAn2JKzDhDTPG9kBTefmObL2w/ngeZnilk+OV9CG3d7UA==

content-disposition@^1.0.0:
  version "1.0.0"
  resolved "https://registry.yarnpkg.com/content-disposition/-/content-disposition-1.0.0.tgz#844426cb398f934caefcbb172200126bc7ceace2"
  integrity sha512-Au9nRL8VNUut/XSzbQA38+M78dzP4D+eqg3gfJHMIHHYa3bg067xj1KxMUWj+VULbiZMowKngFFbKczUrNJ1mg==
  dependencies:
    safe-buffer "5.2.1"

content-type@^1.0.5:
  version "1.0.5"
  resolved "https://registry.yarnpkg.com/content-type/-/content-type-1.0.5.tgz#8b773162656d1d1086784c8f23a54ce6d73d7918"
  integrity sha512-nTjqfcBFEipKdXCv4YDQWCfmcLZKm81ldF0pAopTvyrFGVbcR6P/VAAd5G7N+0tTr8QqiU0tFadD6FK4NtJwOA==

cookie-signature@^1.2.1:
  version "1.2.2"
  resolved "https://registry.yarnpkg.com/cookie-signature/-/cookie-signature-1.2.2.tgz#57c7fc3cc293acab9fec54d73e15690ebe4a1793"
  integrity sha512-D76uU73ulSXrD1UXF4KE2TMxVVwhsnCgfAyTg9k8P6KGZjlXKrOLe4dJQKI3Bxi5wjesZoFXJWElNWBjPZMbhg==

cookie@^0.7.1:
  version "0.7.2"
  resolved "https://registry.yarnpkg.com/cookie/-/cookie-0.7.2.tgz#556369c472a2ba910f2979891b526b3436237ed7"
  integrity sha512-yki5XnKuf750l50uGTllt6kKILY4nQ1eNIQatoXEByZ5dWgnKqbnqmTrBE5B4N7lrMJKQ2ytWMiTO2o0v6Ew/w==

core-util-is@~1.0.0:
  version "1.0.3"
  resolved "https://registry.yarnpkg.com/core-util-is/-/core-util-is-1.0.3.tgz#a6042d3634c2b27e9328f837b965fac83808db85"
  integrity sha512-ZQBvi1DcpJ4GDqanjucZ2Hj3wEO5pZDS89BWbkcrvdxksJorwUDDZamX9ldFkp9aw2lmBDLgkObEA4DWNJ9FYQ==

debug@^4.3.5, debug@^4.4.0:
  version "4.4.3"
  resolved "https://registry.yarnpkg.com/debug/-/debug-4.4.3.tgz#c6ae432d9bd9662582fce08709b038c58e9e3d6a"
  integrity sha512-RGwwWnwQvkVfavKVt22FGLw+xYSdzARwm0ru6DhTVA3umU5hZc28V3kO4stgYryrTlLpuvgI9GiijltAjNbcqA==
  dependencies:
    ms "^2.1.3"

decompress-response@^6.0.0:
  version "6.0.0"
  resolved "https://registry.yarnpkg.com/decompress-response/-/decompress-response-6.0.0.tgz#ca387612ddb7e104bd16d85aab00d5ecf09c66fc"
  integrity sha512-aW35yZM6Bb/4oJlZncMH2LCoZtJXTRxES17vE3hoRiowU2kWHaJKFkSBDnDR+cm9J+9QhXmREyIfv0pji9ejCQ==
  dependencies:
    mimic-response "^3.1.0"

defer-to-connect@^2.0.1:
  version "2.0.1"
  resolved "https://registry.yarnpkg.com/defer-to-connect/-/defer-to-connect-2.0.1.tgz#8016bdb4143e4632b77a3449c6236277de520587"
  integrity sha512-4tvttepXG1VaYGrRibk5EwJd1t4udunSOVMdLSAL6mId1ix438oPwPZMALY41FCijukO1L0twNcGsdzS7dHgDg==

depd@2.0.0, depd@^2.0.0:
  version "2.0.0"
  resolved "https://registry.yarnpkg.com/depd/-/depd-2.0.0.tgz#b696163cc757560d09cf22cc8fad1571b79e76df"
  integrity sha512-g7nH6P6dyDioJogAAGprGpCtVImJhpPk/roCzdb3fIh61/s/nPsfR6onyMwkCAR/OlC3yBC0lESvUoQEAssIrw==

dunder-proto@^1.0.1:
  version "1.0.1"
  resolved "https://registry.yarnpkg.com/dunder-proto/-/dunder-proto-1.0.1.tgz#d7ae667e1dc83482f8b70fd0f6eefc50da30f58a"
  integrity sha512-KIN/nDJBQRcXw0MLVhZE9iQHmG68qAVIBg9CqmUYjmQIhgij9U5MFvrqkUL5FbtyyzZuOeOt0zdeRe4UY7ct+A==
  dependencies:
    call-bind-apply-helpers "^1.0.1"
    es-errors "^1.3.0"
    gopd "^1.2.0"

ee-first@1.1.1:
  version "1.1.1"
  resolved "https://registry.yarnpkg.com/ee-first/-/ee-first-1.1.1.tgz#590c61156b0ae2f4f0255732a158b266bc56b21d"
  integrity sha512-WMwm9LhRUo+WUaRN+vRuETqG89IgZphVSNkdFgeb6sS/E4OrDIN7t48CAewSHXc6C8lefD8KKfr5vY61brQlow==

emitter-component@^1.1.1:
  version "1.1.2"
  resolved "https://registry.yarnpkg.com/emitter-component/-/emitter-component-1.1.2.tgz#d65af5833dc7c682fd0ade35f902d16bc4bad772"
  integrity sha512-QdXO3nXOzZB4pAjM0n6ZE+R9/+kPpECA/XSELIcc54NeYVnBqIk+4DFiBgK+8QbV3mdvTG6nedl7dTYgO+5wDw==

encodeurl@^2.0.0:
  version "2.0.0"
  resolved "https://registry.yarnpkg.com/encodeurl/-/encodeurl-2.0.0.tgz#7b8ea898077d7e409d3ac45474ea38eaf0857a58"
  integrity sha512-Q0n9HRi4m6JuGIV1eFlmvJB7ZEVxu93IrMyiMsGC0lrMJMWzRgx6WGquyfQgZVb31vhGgXnfmPNNXmxnOkRBrg==

es-define-property@^1.0.1:
  version "1.0.1"
  resolved "https://registry.yarnpkg.com/es-define-property/-/es-define-property-1.0.1.tgz#983eb2f9a6724e9303f61addf011c72e09e0b0fa"
  integrity sha512-e3nRfgfUZ4rNGL232gUgX06QNyyez04KdjFrF+LTRoOXmrOgFKDg4BCdsjW8EnT69eqdYGmRpJwiPVYNrCaW3g==

es-errors@^1.3.0:
  version "1.3.0"
  resolved "https://registry.yarnpkg.com/es-errors/-/es-errors-1.3.0.tgz#05f75a25dab98e4fb1dcd5e1472c0546d5057c8f"
  integrity sha512-Zf5H2Kxt2xjTvbJvP2ZWLEICxA6j+hAmMzIlypy4xcBg1vKVnx89Wy0GbS+kf5cwCVFFzdCFh2XSCFNULS6csw==

es-object-atoms@^1.0.0, es-object-atoms@^1.1.1:
  version "1.1.1"
  resolved "https://registry.yarnpkg.com/es-object-atoms/-/es-object-atoms-1.1.1.tgz#1c4f2c4837327597ce69d2ca190a7fdd172338c1"
  integrity sha512-FGgH2h8zKNim9ljj7dankFPcICIK9Cp5bm+c2gQSYePhpaG5+esrLODihIorn+Pe6FGJzWhXQotPv73jTaldXA==
  dependencies:
    es-errors "^1.3.0"

esbuild@~0.25.0:
  version "0.25.10"
  resolved "https://registry.yarnpkg.com/esbuild/-/esbuild-0.25.10.tgz#37f5aa5cd14500f141be121c01b096ca83ac34a9"
  integrity sha512-9RiGKvCwaqxO2owP61uQ4BgNborAQskMR6QusfWzQqv7AZOg5oGehdY2pRJMTKuwxd1IDBP4rSbI5lHzU7SMsQ==
  optionalDependencies:
    "@esbuild/aix-ppc64" "0.25.10"
    "@esbuild/android-arm" "0.25.10"
    "@esbuild/android-arm64" "0.25.10"
    "@esbuild/android-x64" "0.25.10"
    "@esbuild/darwin-arm64" "0.25.10"
    "@esbuild/darwin-x64" "0.25.10"
    "@esbuild/freebsd-arm64" "0.25.10"
    "@esbuild/freebsd-x64" "0.25.10"
    "@esbuild/linux-arm" "0.25.10"
    "@esbuild/linux-arm64" "0.25.10"
    "@esbuild/linux-ia32" "0.25.10"
    "@esbuild/linux-loong64" "0.25.10"
    "@esbuild/linux-mips64el" "0.25.10"
    "@esbuild/linux-ppc64" "0.25.10"
    "@esbuild/linux-riscv64" "0.25.10"
    "@esbuild/linux-s390x" "0.25.10"
    "@esbuild/linux-x64" "0.25.10"
    "@esbuild/netbsd-arm64" "0.25.10"
    "@esbuild/netbsd-x64" "0.25.10"
    "@esbuild/openbsd-arm64" "0.25.10"
    "@esbuild/openbsd-x64" "0.25.10"
    "@esbuild/openharmony-arm64" "0.25.10"
    "@esbuild/sunos-x64" "0.25.10"
    "@esbuild/win32-arm64" "0.25.10"
    "@esbuild/win32-ia32" "0.25.10"
    "@esbuild/win32-x64" "0.25.10"

escape-html@^1.0.3:
  version "1.0.3"
  resolved "https://registry.yarnpkg.com/escape-html/-/escape-html-1.0.3.tgz#0258eae4d3d0c0974de1c169188ef0051d1d1988"
  integrity sha512-NiSupZ4OeuGwr68lGIeym/ksIZMJodUGOSCZ/FSnTxcrekbvqrgdUxlJOMpijaKZVjAJrWrGs/6Jy8OMuyj9ow==

etag@^1.8.1:
  version "1.8.1"
  resolved "https://registry.yarnpkg.com/etag/-/etag-1.8.1.tgz#41ae2eeb65efa62268aebfea83ac7d79299b0887"
  integrity sha512-aIL5Fx7mawVa300al2BnEE4iNvo1qETxLrPI/o05L7z6go7fCw1J6EQmbK4FmJ2AS7kgVF/KEZWufBfdClMcPg==

event-to-promise@^0.7.0:
  version "0.7.0"
  resolved "https://registry.yarnpkg.com/event-to-promise/-/event-to-promise-0.7.0.tgz#cb07dfcd418da2221d90f77eab713bc235e2090f"
  integrity sha512-VOBBfyaADfe378ZzG0tgkzmsvzUyeU5arehrFzNRt5yaASUDshgctTwSrPI17ocAwR3+YftsxRClHF+GBKFByQ==

express@^5.1.0:
  version "5.1.0"
  resolved "https://registry.yarnpkg.com/express/-/express-5.1.0.tgz#d31beaf715a0016f0d53f47d3b4d7acf28c75cc9"
  integrity sha512-DT9ck5YIRU+8GYzzU5kT3eHGA5iL+1Zd0EutOmTE9Dtk+Tvuzd23VBU+ec7HPNSTxXYO55gPV/hq4pSBJDjFpA==
  dependencies:
    accepts "^2.0.0"
    body-parser "^2.2.0"
    content-disposition "^1.0.0"
    content-type "^1.0.5"
    cookie "^0.7.1"
    cookie-signature "^1.2.1"
    debug "^4.4.0"
    encodeurl "^2.0.0"
    escape-html "^1.0.3"
    etag "^1.8.1"
    finalhandler "^2.1.0"
    fresh "^2.0.0"
    http-errors "^2.0.0"
    merge-descriptors "^2.0.0"
    mime-types "^3.0.0"
    on-finished "^2.4.1"
    once "^1.4.0"
    parseurl "^1.3.3"
    proxy-addr "^2.0.7"
    qs "^6.14.0"
    range-parser "^1.2.1"
    router "^2.2.0"
    send "^1.1.0"
    serve-static "^2.2.0"
    statuses "^2.0.1"
    type-is "^2.0.1"
    vary "^1.1.2"

fast-xml-parser@5.2.5:
  version "5.2.5"
  resolved "https://registry.yarnpkg.com/fast-xml-parser/-/fast-xml-parser-5.2.5.tgz#4809fdfb1310494e341098c25cb1341a01a9144a"
  integrity sha512-pfX9uG9Ki0yekDHx2SiuRIyFdyAr1kMIMitPvb0YBo8SUfKvia7w7FIyd/l6av85pFYRhZscS75MwMnbvY+hcQ==
  dependencies:
    strnum "^2.1.0"

finalhandler@^2.1.0:
  version "2.1.0"
  resolved "https://registry.yarnpkg.com/finalhandler/-/finalhandler-2.1.0.tgz#72306373aa89d05a8242ed569ed86a1bff7c561f"
  integrity sha512-/t88Ty3d5JWQbWYgaOGCCYfXRwV1+be02WqYYlL6h0lEiUAMPM8o8qKGO01YIkOHzka2up08wvgYD0mDiI+q3Q==
  dependencies:
    debug "^4.4.0"
    encodeurl "^2.0.0"
    escape-html "^1.0.3"
    on-finished "^2.4.1"
    parseurl "^1.3.3"
    statuses "^2.0.1"

form-data-encoder@^2.1.2:
  version "2.1.4"
  resolved "https://registry.yarnpkg.com/form-data-encoder/-/form-data-encoder-2.1.4.tgz#261ea35d2a70d48d30ec7a9603130fa5515e9cd5"
  integrity sha512-yDYSgNMraqvnxiEXO4hi88+YZxaHC6QKzb5N84iRCTDeRO7ZALpir/lVmf/uXUhnwUr2O4HU8s/n6x+yNjQkHw==

forwarded@0.2.0:
  version "0.2.0"
  resolved "https://registry.yarnpkg.com/forwarded/-/forwarded-0.2.0.tgz#2269936428aad4c15c7ebe9779a84bf0b2a81811"
  integrity sha512-buRG0fpBtRHSTCOASe6hD258tEubFoRLb4ZNA6NxMVHNw2gOcwHo9wyablzMzOA5z9xA9L1KNjk/Nt6MT9aYow==

fresh@^2.0.0:
  version "2.0.0"
  resolved "https://registry.yarnpkg.com/fresh/-/fresh-2.0.0.tgz#8dd7df6a1b3a1b3a5cf186c05a5dd267622635a4"
  integrity sha512-Rx/WycZ60HOaqLKAi6cHRKKI7zxWbJ31MhntmtwMoaTeF7XFH9hhBp8vITaMidfljRQ6eYWCKkaTK+ykVJHP2A==

fsevents@~2.3.3:
  version "2.3.3"
  resolved "https://registry.yarnpkg.com/fsevents/-/fsevents-2.3.3.tgz#cac6407785d03675a2a5e1a5305c697b347d90d6"
  integrity sha512-5xoDfX+fL7faATnagmWPpbFtwh/R77WmMMqqHGS65C3vvB0YHrgF+B1YmZ3441tMj5n63k0212XNoJwzlhffQw==

function-bind@^1.1.2:
  version "1.1.2"
  resolved "https://registry.yarnpkg.com/function-bind/-/function-bind-1.1.2.tgz#2c02d864d97f3ea6c8830c464cbd11ab6eab7a1c"
  integrity sha512-7XHNxH7qX9xG5mIwxkhumTox/MIRNcOgDrxWsMt2pAr23WHp6MrRlN7FBSFpCpr+oVO0F744iUgR82nJMfG2SA==

gamedig@^5.3.2:
  version "5.3.2"
  resolved "https://registry.yarnpkg.com/gamedig/-/gamedig-5.3.2.tgz#f73f21da65cdcc47c774354748a0d7fa7f439347"
  integrity sha512-R2b1LwjW783PZsHRl9M8R06UkvJwXmJ6PDKk48UukJQ9ktiwrCeAk90MAZx6nF3oA444uf7r5eHjfaYbNoSV+Q==
  dependencies:
    fast-xml-parser "5.2.5"
    gbxremote "0.2.1"
    got "13.0.0"
    iconv-lite "0.7.0"
    long "5.3.2"
    minimist "1.2.8"
    seek-bzip "2.0.0"
    telnet-client "2.2.6"
    varint "6.0.0"

gbxremote@0.2.1:
  version "0.2.1"
  resolved "https://registry.yarnpkg.com/gbxremote/-/gbxremote-0.2.1.tgz#84df4fbd781780dc5d692d24ac04a2d7f05ddb7c"
  integrity sha512-SMehu6Y6ndq2Qgp9VxAb8Np3f+UUD+RWoW2SAMaxzGS96rWXyr4T1GGkecO0HHtxeH1m7pEh4FJWB8a/6aM2XQ==
  dependencies:
    any-promise "^1.1.0"
    barse "~0.4.2"
    event-to-promise "^0.7.0"
    string-to-stream "^1.0.1"
    xmlrpc "^1.3.1"

get-intrinsic@^1.2.5, get-intrinsic@^1.3.0:
  version "1.3.0"
  resolved "https://registry.yarnpkg.com/get-intrinsic/-/get-intrinsic-1.3.0.tgz#743f0e3b6964a93a5491ed1bffaae054d7f98d01"
  integrity sha512-9fSjSaos/fRIVIp+xSJlE6lfwhES7LNtKaCBIamHsjr2na1BiABJPo0mOjjz8GJDURarmCPGqaiVg5mfjb98CQ==
  dependencies:
    call-bind-apply-helpers "^1.0.2"
    es-define-property "^1.0.1"
    es-errors "^1.3.0"
    es-object-atoms "^1.1.1"
    function-bind "^1.1.2"
    get-proto "^1.0.1"
    gopd "^1.2.0"
    has-symbols "^1.1.0"
    hasown "^2.0.2"
    math-intrinsics "^1.1.0"

get-proto@^1.0.1:
  version "1.0.1"
  resolved "https://registry.yarnpkg.com/get-proto/-/get-proto-1.0.1.tgz#150b3f2743869ef3e851ec0c49d15b1d14d00ee1"
  integrity sha512-sTSfBjoXBp89JvIKIefqw7U2CCebsc74kiY6awiGogKtoSGbgjYE/G/+l9sF3MWFPNc9IcoOC4ODfKHfxFmp0g==
  dependencies:
    dunder-proto "^1.0.1"
    es-object-atoms "^1.0.0"

get-stream@^6.0.1:
  version "6.0.1"
  resolved "https://registry.yarnpkg.com/get-stream/-/get-stream-6.0.1.tgz#a262d8eef67aced57c2852ad6167526a43cbf7b7"
  integrity sha512-ts6Wi+2j3jQjqi70w5AlN8DFnkSwC+MqmxEzdEALB2qXZYV3X/b1CTfgPLGJNMeAWxdPfU8FO1ms3NUfaHCPYg==

get-tsconfig@^4.7.5:
  version "4.11.0"
  resolved "https://registry.yarnpkg.com/get-tsconfig/-/get-tsconfig-4.11.0.tgz#5a4acc944244a2630c2ed3318b55e6dc051d034b"
  integrity sha512-sNsqf7XKQ38IawiVGPOoAlqZo1DMrO7TU+ZcZwi7yLl7/7S0JwmoBMKz/IkUPhSoXM0Ng3vT0yB1iCe5XavDeQ==
  dependencies:
    resolve-pkg-maps "^1.0.0"

gopd@^1.2.0:
  version "1.2.0"
  resolved "https://registry.yarnpkg.com/gopd/-/gopd-1.2.0.tgz#89f56b8217bdbc8802bd299df6d7f1081d7e51a1"
  integrity sha512-ZUKRh6/kUFoAiTAtTYPZJ3hw9wNxx+BIBOijnlG9PnrJsCcSjs1wyyD6vJpaYtgnzDrKYRSqf3OO6Rfa93xsRg==

got@13.0.0:
  version "13.0.0"
  resolved "https://registry.yarnpkg.com/got/-/got-13.0.0.tgz#a2402862cef27a5d0d1b07c0fb25d12b58175422"
  integrity sha512-XfBk1CxOOScDcMr9O1yKkNaQyy865NbYs+F7dr4H0LZMVgCj2Le59k6PqbNHoL5ToeaEQUYh6c6yMfVcc6SJxA==
  dependencies:
    "@sindresorhus/is" "^5.2.0"
    "@szmarczak/http-timer" "^5.0.1"
    cacheable-lookup "^7.0.0"
    cacheable-request "^10.2.8"
    decompress-response "^6.0.0"
    form-data-encoder "^2.1.2"
    get-stream "^6.0.1"
    http2-wrapper "^2.1.10"
    lowercase-keys "^3.0.0"
    p-cancelable "^3.0.0"
    responselike "^3.0.0"

has-symbols@^1.1.0:
  version "1.1.0"
  resolved "https://registry.yarnpkg.com/has-symbols/-/has-symbols-1.1.0.tgz#fc9c6a783a084951d0b971fe1018de813707a338"
  integrity sha512-1cDNdwJ2Jaohmb3sg4OmKaMBwuC48sYni5HUw2DvsC8LjGTLK9h+eb1X6RyuOHe4hT0ULCW68iomhjUoKUqlPQ==

hasown@^2.0.2:
  version "2.0.2"
  resolved "https://registry.yarnpkg.com/hasown/-/hasown-2.0.2.tgz#003eaf91be7adc372e84ec59dc37252cedb80003"
  integrity sha512-0hJU9SCPvmMzIBdZFqNPXWa6dqh7WdH0cII9y+CyS8rG3nL48Bclra9HmKhVVUHyPWNH5Y7xDwAB7bfgSjkUMQ==
  dependencies:
    function-bind "^1.1.2"

http-cache-semantics@^4.1.1:
  version "4.2.0"
  resolved "https://registry.yarnpkg.com/http-cache-semantics/-/http-cache-semantics-4.2.0.tgz#205f4db64f8562b76a4ff9235aa5279839a09dd5"
  integrity sha512-dTxcvPXqPvXBQpq5dUr6mEMJX4oIEFv6bwom3FDwKRDsuIjjJGANqhBuoAn9c1RQJIdAKav33ED65E2ys+87QQ==

http-errors@2.0.0, http-errors@^2.0.0:
  version "2.0.0"
  resolved "https://registry.yarnpkg.com/http-errors/-/http-errors-2.0.0.tgz#b7774a1486ef73cf7667ac9ae0858c012c57b9d3"
  integrity sha512-FtwrG/euBzaEjYeRqOgly7G0qviiXoJWnvEH2Z1plBdXgbyjv34pHTSb9zoeHMyDy33+DWy5Wt9Wo+TURtOYSQ==
  dependencies:
    depd "2.0.0"
    inherits "2.0.4"
    setprototypeof "1.2.0"
    statuses "2.0.1"
    toidentifier "1.0.1"

http2-wrapper@^2.1.10:
  version "2.2.1"
  resolved "https://registry.yarnpkg.com/http2-wrapper/-/http2-wrapper-2.2.1.tgz#310968153dcdedb160d8b72114363ef5fce1f64a"
  integrity sha512-V5nVw1PAOgfI3Lmeaj2Exmeg7fenjhRUgz1lPSezy1CuhPYbgQtbQj4jZfEAEMlaL+vupsvhjqCyjzob0yxsmQ==
  dependencies:
    quick-lru "^5.1.1"
    resolve-alpn "^1.2.0"

iconv-lite@0.7.0:
  version "0.7.0"
  resolved "https://registry.yarnpkg.com/iconv-lite/-/iconv-lite-0.7.0.tgz#c50cd80e6746ca8115eb98743afa81aa0e147a3e"
  integrity sha512-cf6L2Ds3h57VVmkZe+Pn+5APsT7FpqJtEhhieDCvrE2MK5Qk9MyffgQyuxQTm6BChfeZNtcOLHp9IcWRVcIcBQ==
  dependencies:
    safer-buffer ">= 2.1.2 < 3.0.0"

iconv-lite@^0.6.3:
  version "0.6.3"
  resolved "https://registry.yarnpkg.com/iconv-lite/-/iconv-lite-0.6.3.tgz#a52f80bf38da1952eb5c681790719871a1a72501"
  integrity sha512-4fCk79wshMdzMp2rH06qWrJE4iolqLhCUH+OiuIgU++RB0+94NlDL81atO7GX55uUKueo0txHNtvEyI6D7WdMw==
  dependencies:
    safer-buffer ">= 2.1.2 < 3.0.0"

inherits@2.0.4, inherits@^2.0.1, inherits@~2.0.1, inherits@~2.0.3:
  version "2.0.4"
  resolved "https://registry.yarnpkg.com/inherits/-/inherits-2.0.4.tgz#0fa2c64f932917c3433a0ded55363aae37416b7c"
  integrity sha512-k/vGaX4/Yla3WzyMCvTQOXYeIHvqOKtnqBduzTHpzpQZzAskKMhZ2K+EnBiSM9zGSoIFeMpXKxa4dYeZIQqewQ==

ipaddr.js@1.9.1:
  version "1.9.1"
  resolved "https://registry.yarnpkg.com/ipaddr.js/-/ipaddr.js-1.9.1.tgz#bff38543eeb8984825079ff3a2a8e6cbd46781b3"
  integrity sha512-0KI/607xoxSToH7GjN1FfSbLoU0+btTicjsQSWQlh/hZykN8KpmMf7uYwPW3R+akZ6R/w18ZlXSHBYXiYUPO3g==

is-promise@^4.0.0:
  version "4.0.0"
  resolved "https://registry.yarnpkg.com/is-promise/-/is-promise-4.0.0.tgz#42ff9f84206c1991d26debf520dd5c01042dd2f3"
  integrity sha512-hvpoI6korhJMnej285dSg6nu1+e6uxs7zG3BYAm5byqDsgJNWwxzM6z6iZiAgQR4TJ30JmBTOwqZUw3WlyH3AQ==

isarray@0.0.1:
  version "0.0.1"
  resolved "https://registry.yarnpkg.com/isarray/-/isarray-0.0.1.tgz#8a18acfca9a8f4177e09abfc6038939b05d1eedf"
  integrity sha512-D2S+3GLxWH+uhrNEcoh/fnmYeP8E8/zHl644d/jdA0g2uyXvy3sb0qxotE+ne0LtccHknQzWwZEzhak7oJ0COQ==

isarray@~1.0.0:
  version "1.0.0"
  resolved "https://registry.yarnpkg.com/isarray/-/isarray-1.0.0.tgz#bb935d48582cba168c06834957a54a3e07124f11"
  integrity sha512-VLghIWNM6ELQzo7zwmcg0NmTVyWKYjvIeM83yjp0wRDTmUnrM678fQbcKBo6n2CJEF0szoG//ytg+TKla89ALQ==

json-buffer@3.0.1:
  version "3.0.1"
  resolved "https://registry.yarnpkg.com/json-buffer/-/json-buffer-3.0.1.tgz#9338802a30d3b6605fbe0613e094008ca8c05a13"
  integrity sha512-4bV5BfR2mqfQTJm+V5tPPdf+ZpuhiIvTuAB5g8kcrXOZpTT/QwwVRWBywX1ozr6lEuPdbHxwaJlm9G6mI2sfSQ==

keyv@^4.5.3:
  version "4.5.4"
  resolved "https://registry.yarnpkg.com/keyv/-/keyv-4.5.4.tgz#a879a99e29452f942439f2a405e3af8b31d4de93"
  integrity sha512-oxVHkHR/EJf2CNXnWxRLW6mg7JyCCUcG0DtEGmL2ctUo1PNTin1PUil+r/+4r5MpVgC/fn1kjsx7mjSujKqIpw==
  dependencies:
    json-buffer "3.0.1"

long@5.3.2:
  version "5.3.2"
  resolved "https://registry.yarnpkg.com/long/-/long-5.3.2.tgz#1d84463095999262d7d7b7f8bfd4a8cc55167f83"
  integrity sha512-mNAgZ1GmyNhD7AuqnTG3/VQ26o760+ZYBPKjPvugO8+nLbYfX6TVpJPseBvopbdY+qpZ/lKUnmEc1LeZYS3QAA==

lowercase-keys@^3.0.0:
  version "3.0.0"
  resolved "https://registry.yarnpkg.com/lowercase-keys/-/lowercase-keys-3.0.0.tgz#c5e7d442e37ead247ae9db117a9d0a467c89d4f2"
  integrity sha512-ozCC6gdQ+glXOQsveKD0YsDy8DSQFjDTz4zyzEHNV5+JP5D62LmfDZ6o1cycFx9ouG940M5dE8C8CTewdj2YWQ==

math-intrinsics@^1.1.0:
  version "1.1.0"
  resolved "https://registry.yarnpkg.com/math-intrinsics/-/math-intrinsics-1.1.0.tgz#a0dd74be81e2aa5c2f27e65ce283605ee4e2b7f9"
  integrity sha512-/IXtbwEk5HTPyEwyKX6hGkYXxM9nbj64B+ilVJnC/R6B0pH5G4V3b0pVbL7DBj4tkhBAppbQUlf6F6Xl9LHu1g==

media-typer@^1.1.0:
  version "1.1.0"
  resolved "https://registry.yarnpkg.com/media-typer/-/media-typer-1.1.0.tgz#6ab74b8f2d3320f2064b2a87a38e7931ff3a5561"
  integrity sha512-aisnrDP4GNe06UcKFnV5bfMNPBUw4jsLGaWwWfnH3v02GnBuXX2MCVn5RbrWo0j3pczUilYblq7fQ7Nw2t5XKw==

merge-descriptors@^2.0.0:
  version "2.0.0"
  resolved "https://registry.yarnpkg.com/merge-descriptors/-/merge-descriptors-2.0.0.tgz#ea922f660635a2249ee565e0449f951e6b603808"
  integrity sha512-Snk314V5ayFLhp3fkUREub6WtjBfPdCPY1Ln8/8munuLuiYhsABgBVWsozAG+MWMbVEvcdcpbi9R7ww22l9Q3g==

mime-db@^1.54.0:
  version "1.54.0"
  resolved "https://registry.yarnpkg.com/mime-db/-/mime-db-1.54.0.tgz#cddb3ee4f9c64530dff640236661d42cb6a314f5"
  integrity sha512-aU5EJuIN2WDemCcAp2vFBfp/m4EAhWJnUNSSw0ixs7/kXbd6Pg64EmwJkNdFhB8aWt1sH2CTXrLxo/iAGV3oPQ==

mime-types@^3.0.0, mime-types@^3.0.1:
  version "3.0.1"
  resolved "https://registry.yarnpkg.com/mime-types/-/mime-types-3.0.1.tgz#b1d94d6997a9b32fd69ebaed0db73de8acb519ce"
  integrity sha512-xRc4oEhT6eaBpU1XF7AjpOFD+xQmXNB5OVKwp4tqCuBpHLS/ZbBDrc07mYTDqVMg6PfxUjjNp85O6Cd2Z/5HWA==
  dependencies:
    mime-db "^1.54.0"

mimic-response@^3.1.0:
  version "3.1.0"
  resolved "https://registry.yarnpkg.com/mimic-response/-/mimic-response-3.1.0.tgz#2d1d59af9c1b129815accc2c46a022a5ce1fa3c9"
  integrity sha512-z0yWI+4FDrrweS8Zmt4Ej5HdJmky15+L2e6Wgn3+iK5fWzb6T3fhNFq2+MeTRb064c6Wr4N/wv0DzQTjNzHNGQ==

mimic-response@^4.0.0:
  version "4.0.0"
  resolved "https://registry.yarnpkg.com/mimic-response/-/mimic-response-4.0.0.tgz#35468b19e7c75d10f5165ea25e75a5ceea7cf70f"
  integrity sha512-e5ISH9xMYU0DzrT+jl8q2ze9D6eWBto+I8CNpe+VI+K2J/F/k3PdkdTdz4wvGVH4NTpo+NRYTVIuMQEMMcsLqg==

minimist@1.2.8:
  version "1.2.8"
  resolved "https://registry.yarnpkg.com/minimist/-/minimist-1.2.8.tgz#c1a464e7693302e082a075cee0c057741ac4772c"
  integrity sha512-2yyAR8qBkN3YuheJanUpWC5U3bb5osDywNB8RzDVlDwDHbocAJveqqj1u8+SVD7jkWT4yvsHCpWqqWqAxb0zCA==

ms@^2.1.3:
  version "2.1.3"
  resolved "https://registry.yarnpkg.com/ms/-/ms-2.1.3.tgz#574c8138ce1d2b5861f0b44579dbadd60c6615b2"
  integrity sha512-6FlzubTLZG3J2a/NVCAleEhjzq5oxgHyaCU9yYXvcLsvoVaHJq/s5xXI6/XXP6tz7R9xAOtHnSO/tXtF3WRTlA==

negotiator@^1.0.0:
  version "1.0.0"
  resolved "https://registry.yarnpkg.com/negotiator/-/negotiator-1.0.0.tgz#b6c91bb47172d69f93cfd7c357bbb529019b5f6a"
  integrity sha512-8Ofs/AUQh8MaEcrlq5xOX0CQ9ypTF5dl78mjlMNfOK08fzpgTHQRQPBxcPlEtIw0yRpws+Zo/3r+5WRby7u3Gg==

net@^1.0.2:
  version "1.0.2"
  resolved "https://registry.yarnpkg.com/net/-/net-1.0.2.tgz#d1757ec9a7fb2371d83cf4755ce3e27e10829388"
  integrity sha512-kbhcj2SVVR4caaVnGLJKmlk2+f+oLkjqdKeQlmUtz6nGzOpbcobwVIeSURNgraV/v3tlmGIX82OcPCl0K6RbHQ==

normalize-url@^8.0.0:
  version "8.1.0"
  resolved "https://registry.yarnpkg.com/normalize-url/-/normalize-url-8.1.0.tgz#d33504f67970decf612946fd4880bc8c0983486d"
  integrity sha512-X06Mfd/5aKsRHc0O0J5CUedwnPmnDtLF2+nq+KN9KSDlJHkPuh0JUviWjEWMe0SW/9TDdSLVPuk7L5gGTIA1/w==

object-inspect@^1.13.3:
  version "1.13.4"
  resolved "https://registry.yarnpkg.com/object-inspect/-/object-inspect-1.13.4.tgz#8375265e21bc20d0fa582c22e1b13485d6e00213"
  integrity sha512-W67iLl4J2EXEGTbfeHCffrjDfitvLANg0UlX3wFUUSTx92KXRFegMHUVgSqE+wvhAbi4WqjGg9czysTV2Epbew==

on-finished@^2.4.1:
  version "2.4.1"
  resolved "https://registry.yarnpkg.com/on-finished/-/on-finished-2.4.1.tgz#58c8c44116e54845ad57f14ab10b03533184ac3f"
  integrity sha512-oVlzkg3ENAhCk2zdv7IJwd/QUD4z2RxRwpkcGY8psCVcCYZNq4wYnVWALHM+brtuJjePWiYF/ClmuDr8Ch5+kg==
  dependencies:
    ee-first "1.1.1"

once@^1.4.0:
  version "1.4.0"
  resolved "https://registry.yarnpkg.com/once/-/once-1.4.0.tgz#583b1aa775961d4b113ac17d9c50baef9dd76bd1"
  integrity sha512-lNaJgI+2Q5URQBkccEKHTQOPaXdUxnZZElQTZY0MFUAuaEqe1E+Nyvgdz/aIyNi6Z9MzO5dv1H8n58/GELp3+w==
  dependencies:
    wrappy "1"

p-cancelable@^3.0.0:
  version "3.0.0"
  resolved "https://registry.yarnpkg.com/p-cancelable/-/p-cancelable-3.0.0.tgz#63826694b54d61ca1c20ebcb6d3ecf5e14cd8050"
  integrity sha512-mlVgR3PGuzlo0MmTdk4cXqXWlwQDLnONTAg6sm62XkMJEiRxN3GL3SffkYvqwonbkJBcrI7Uvv5Zh9yjvn2iUw==

parseurl@^1.3.3:
  version "1.3.3"
  resolved "https://registry.yarnpkg.com/parseurl/-/parseurl-1.3.3.tgz#9da19e7bee8d12dff0513ed5b76957793bc2e8d4"
  integrity sha512-CiyeOxFT/JZyN5m0z9PfXw4SCBJ6Sygz1Dpl0wqjlhDEGGBP1GnsUVEL0p63hoG1fcj3fHynXi9NYO4nWOL+qQ==

path-to-regexp@^8.0.0:
  version "8.3.0"
  resolved "https://registry.yarnpkg.com/path-to-regexp/-/path-to-regexp-8.3.0.tgz#aa818a6981f99321003a08987d3cec9c3474cd1f"
  integrity sha512-7jdwVIRtsP8MYpdXSwOS0YdD0Du+qOoF/AEPIt88PcCFrZCzx41oxku1jD88hZBwbNUIEfpqvuhjFaMAqMTWnA==

process-nextick-args@~2.0.0:
  version "2.0.1"
  resolved "https://registry.yarnpkg.com/process-nextick-args/-/process-nextick-args-2.0.1.tgz#7820d9b16120cc55ca9ae7792680ae7dba6d7fe2"
  integrity sha512-3ouUOpQhtgrbOa17J7+uxOTpITYWaGP7/AhoR3+A+/1e9skrzelGi/dXzEYyvbxubEF6Wn2ypscTKiKJFFn1ag==

proxy-addr@^2.0.7:
  version "2.0.7"
  resolved "https://registry.yarnpkg.com/proxy-addr/-/proxy-addr-2.0.7.tgz#f19fe69ceab311eeb94b42e70e8c2070f9ba1025"
  integrity sha512-llQsMLSUDUPT44jdrU/O37qlnifitDP+ZwrmmZcoSKyLKvtZxpyV0n2/bD/N4tBAAZ/gJEdZU7KMraoK1+XYAg==
  dependencies:
    forwarded "0.2.0"
    ipaddr.js "1.9.1"

qs@^6.14.0:
  version "6.14.0"
  resolved "https://registry.yarnpkg.com/qs/-/qs-6.14.0.tgz#c63fa40680d2c5c941412a0e899c89af60c0a930"
  integrity sha512-YWWTjgABSKcvs/nWBi9PycY/JiPJqOD4JA6o9Sej2AtvSGarXxKC3OQSk4pAarbdQlKAh5D4FCQkJNkW+GAn3w==
  dependencies:
    side-channel "^1.1.0"

quick-lru@^5.1.1:
  version "5.1.1"
  resolved "https://registry.yarnpkg.com/quick-lru/-/quick-lru-5.1.1.tgz#366493e6b3e42a3a6885e2e99d18f80fb7a8c932"
  integrity sha512-WuyALRjWPDGtt/wzJiadO5AXY+8hZ80hVpe6MyivgraREW751X3SbhRvG3eLKOYN+8VEvqLcf3wdnt44Z4S4SA==

range-parser@^1.2.1:
  version "1.2.1"
  resolved "https://registry.yarnpkg.com/range-parser/-/range-parser-1.2.1.tgz#3cf37023d199e1c24d1a55b84800c2f3e6468031"
  integrity sha512-Hrgsx+orqoygnmhFbKaHE6c296J+HTAQXoxEF6gNupROmmGJRoyzfG3ccAveqCBrwr/2yxQ5BVd/GTl5agOwSg==

raw-body@^3.0.0:
  version "3.0.1"
  resolved "https://registry.yarnpkg.com/raw-body/-/raw-body-3.0.1.tgz#ced5cd79a77bbb0496d707f2a0f9e1ae3aecdcb1"
  integrity sha512-9G8cA+tuMS75+6G/TzW8OtLzmBDMo8p1JRxN5AZ+LAp8uxGA8V8GZm4GQ4/N5QNQEnLmg6SS7wyuSmbKepiKqA==
  dependencies:
    bytes "3.1.2"
    http-errors "2.0.0"
    iconv-lite "0.7.0"
    unpipe "1.0.0"

readable-stream@^2.1.0:
  version "2.3.8"
  resolved "https://registry.yarnpkg.com/readable-stream/-/readable-stream-2.3.8.tgz#91125e8042bba1b9887f49345f6277027ce8be9b"
  integrity sha512-8p0AUk4XODgIewSi0l8Epjs+EVnWiK7NoDIEGU0HhE7+ZyY8D1IMY7odu5lRrFXGg71L15KG8QrPmum45RTtdA==
  dependencies:
    core-util-is "~1.0.0"
    inherits "~2.0.3"
    isarray "~1.0.0"
    process-nextick-args "~2.0.0"
    safe-buffer "~5.1.1"
    string_decoder "~1.1.1"
    util-deprecate "~1.0.1"

readable-stream@~1.0.2:
  version "1.0.34"
  resolved "https://registry.yarnpkg.com/readable-stream/-/readable-stream-1.0.34.tgz#125820e34bc842d2f2aaafafe4c2916ee32c157c"
  integrity sha512-ok1qVCJuRkNmvebYikljxJA/UEsKwLl2nI1OmaqAu4/UE+h0wKCHok4XkL/gvi39OacXvw59RJUOFUkDib2rHg==
  dependencies:
    core-util-is "~1.0.0"
    inherits "~2.0.1"
    isarray "0.0.1"
    string_decoder "~0.10.x"

resolve-alpn@^1.2.0:
  version "1.2.1"
  resolved "https://registry.yarnpkg.com/resolve-alpn/-/resolve-alpn-1.2.1.tgz#b7adbdac3546aaaec20b45e7d8265927072726f9"
  integrity sha512-0a1F4l73/ZFZOakJnQ3FvkJ2+gSTQWz/r2KE5OdDY0TxPm5h4GkqkWWfM47T7HsbnOtcJVEF4epCVy6u7Q3K+g==

resolve-pkg-maps@^1.0.0:
  version "1.0.0"
  resolved "https://registry.yarnpkg.com/resolve-pkg-maps/-/resolve-pkg-maps-1.0.0.tgz#616b3dc2c57056b5588c31cdf4b3d64db133720f"
  integrity sha512-seS2Tj26TBVOC2NIc2rOe2y2ZO7efxITtLZcGSOnHHNOQ7CkiUBfw0Iw2ck6xkIhPwLhKNLS8BO+hEpngQlqzw==

responselike@^3.0.0:
  version "3.0.0"
  resolved "https://registry.yarnpkg.com/responselike/-/responselike-3.0.0.tgz#20decb6c298aff0dbee1c355ca95461d42823626"
  integrity sha512-40yHxbNcl2+rzXvZuVkrYohathsSJlMTXKryG5y8uciHv1+xDLHQpgjG64JUO9nrEq2jGLH6IZ8BcZyw3wrweg==
  dependencies:
    lowercase-keys "^3.0.0"

router@^2.2.0:
  version "2.2.0"
  resolved "https://registry.yarnpkg.com/router/-/router-2.2.0.tgz#019be620b711c87641167cc79b99090f00b146ef"
  integrity sha512-nLTrUKm2UyiL7rlhapu/Zl45FwNgkZGaCpZbIHajDYgwlJCOzLSk+cIPAnsEqV955GjILJnKbdQC1nVPz+gAYQ==
  dependencies:
    debug "^4.4.0"
    depd "^2.0.0"
    is-promise "^4.0.0"
    parseurl "^1.3.3"
    path-to-regexp "^8.0.0"

safe-buffer@5.2.1:
  version "5.2.1"
  resolved "https://registry.yarnpkg.com/safe-buffer/-/safe-buffer-5.2.1.tgz#1eaf9fa9bdb1fdd4ec75f58f9cdb4e6b7827eec6"
  integrity sha512-rp3So07KcdmmKbGvgaNxQSJr7bGVSVk5S9Eq1F+ppbRo70+YeaDxkw5Dd8NPN+GD6bjnYm2VuPuCXmpuYvmCXQ==

safe-buffer@~5.1.0, safe-buffer@~5.1.1:
  version "5.1.2"
  resolved "https://registry.yarnpkg.com/safe-buffer/-/safe-buffer-5.1.2.tgz#991ec69d296e0313747d59bdfd2b745c35f8828d"
  integrity sha512-Gd2UZBJDkXlY7GbJxfsE8/nvKkUEU1G38c1siN6QP6a9PT9MmHB8GnpscSmMJSoF8LOIrt8ud/wPtojys4G6+g==

"safer-buffer@>= 2.1.2 < 3.0.0":
  version "2.1.2"
  resolved "https://registry.yarnpkg.com/safer-buffer/-/safer-buffer-2.1.2.tgz#44fa161b0187b9549dd84bb91802f9bd8385cd6a"
  integrity sha512-YZo3K82SD7Riyi0E1EQPojLz7kpepnSQI9IyPbHHg1XXXevb5dJI7tpyN2ADxGcQbHG7vcyRHk0cbwqcQriUtg==

sax@1.2.x:
  version "1.2.4"
  resolved "https://registry.yarnpkg.com/sax/-/sax-1.2.4.tgz#2816234e2378bddc4e5354fab5caa895df7100d9"
  integrity sha512-NqVDv9TpANUjFm0N8uM5GxL36UgKi9/atZw+x7YFnQ8ckwFGKrl4xX4yWtrey3UJm5nP1kUbnYgLopqWNSRhWw==

seek-bzip@2.0.0:
  version "2.0.0"
  resolved "https://registry.yarnpkg.com/seek-bzip/-/seek-bzip-2.0.0.tgz#f0478ab6acd0ac72345d18dc7525dd84d3c706a2"
  integrity sha512-SMguiTnYrhpLdk3PwfzHeotrcwi8bNV4iemL9tx9poR/yeaMYwB9VzR1w7b57DuWpuqR8n6oZboi0hj3AxZxQg==
  dependencies:
    commander "^6.0.0"

send@^1.1.0, send@^1.2.0:
  version "1.2.0"
  resolved "https://registry.yarnpkg.com/send/-/send-1.2.0.tgz#32a7554fb777b831dfa828370f773a3808d37212"
  integrity sha512-uaW0WwXKpL9blXE2o0bRhoL2EGXIrZxQ2ZQ4mgcfoBxdFmQold+qWsD2jLrfZ0trjKL6vOw0j//eAwcALFjKSw==
  dependencies:
    debug "^4.3.5"
    encodeurl "^2.0.0"
    escape-html "^1.0.3"
    etag "^1.8.1"
    fresh "^2.0.0"
    http-errors "^2.0.0"
    mime-types "^3.0.1"
    ms "^2.1.3"
    on-finished "^2.4.1"
    range-parser "^1.2.1"
    statuses "^2.0.1"

serve-static@^2.2.0:
  version "2.2.0"
  resolved "https://registry.yarnpkg.com/serve-static/-/serve-static-2.2.0.tgz#9c02564ee259bdd2251b82d659a2e7e1938d66f9"
  integrity sha512-61g9pCh0Vnh7IutZjtLGGpTA355+OPn2TyDv/6ivP2h/AdAVX9azsoxmg2/M6nZeQZNYBEwIcsne1mJd9oQItQ==
  dependencies:
    encodeurl "^2.0.0"
    escape-html "^1.0.3"
    parseurl "^1.3.3"
    send "^1.2.0"

setprototypeof@1.2.0:
  version "1.2.0"
  resolved "https://registry.yarnpkg.com/setprototypeof/-/setprototypeof-1.2.0.tgz#66c9a24a73f9fc28cbe66b09fed3d33dcaf1b424"
  integrity sha512-E5LDX7Wrp85Kil5bhZv46j8jOeboKq5JMmYM3gVGdGH8xFpPWXUMsNrlODCrkoxMEeNi/XZIwuRvY4XNwYMJpw==

side-channel-list@^1.0.0:
  version "1.0.0"
  resolved "https://registry.yarnpkg.com/side-channel-list/-/side-channel-list-1.0.0.tgz#10cb5984263115d3b7a0e336591e290a830af8ad"
  integrity sha512-FCLHtRD/gnpCiCHEiJLOwdmFP+wzCmDEkc9y7NsYxeF4u7Btsn1ZuwgwJGxImImHicJArLP4R0yX4c2KCrMrTA==
  dependencies:
    es-errors "^1.3.0"
    object-inspect "^1.13.3"

side-channel-map@^1.0.1:
  version "1.0.1"
  resolved "https://registry.yarnpkg.com/side-channel-map/-/side-channel-map-1.0.1.tgz#d6bb6b37902c6fef5174e5f533fab4c732a26f42"
  integrity sha512-VCjCNfgMsby3tTdo02nbjtM/ewra6jPHmpThenkTYh8pG9ucZ/1P8So4u4FGBek/BjpOVsDCMoLA/iuBKIFXRA==
  dependencies:
    call-bound "^1.0.2"
    es-errors "^1.3.0"
    get-intrinsic "^1.2.5"
    object-inspect "^1.13.3"

side-channel-weakmap@^1.0.2:
  version "1.0.2"
  resolved "https://registry.yarnpkg.com/side-channel-weakmap/-/side-channel-weakmap-1.0.2.tgz#11dda19d5368e40ce9ec2bdc1fb0ecbc0790ecea"
  integrity sha512-WPS/HvHQTYnHisLo9McqBHOJk2FkHO/tlpvldyrnem4aeQp4hai3gythswg6p01oSoTl58rcpiFAjF2br2Ak2A==
  dependencies:
    call-bound "^1.0.2"
    es-errors "^1.3.0"
    get-intrinsic "^1.2.5"
    object-inspect "^1.13.3"
    side-channel-map "^1.0.1"

side-channel@^1.1.0:
  version "1.1.0"
  resolved "https://registry.yarnpkg.com/side-channel/-/side-channel-1.1.0.tgz#c3fcff9c4da932784873335ec9765fa94ff66bc9"
  integrity sha512-ZX99e6tRweoUXqR+VBrslhda51Nh5MTQwou5tnUDgbtyM0dBgmhEDtWGP/xbKn6hqfPRHujUNwz5fy/wbbhnpw==
  dependencies:
    es-errors "^1.3.0"
    object-inspect "^1.13.3"
    side-channel-list "^1.0.0"
    side-channel-map "^1.0.1"
    side-channel-weakmap "^1.0.2"

statuses@2.0.1:
  version "2.0.1"
  resolved "https://registry.yarnpkg.com/statuses/-/statuses-2.0.1.tgz#55cb000ccf1d48728bd23c685a063998cf1a1b63"
  integrity sha512-RwNA9Z/7PrK06rYLIzFMlaF+l73iwpzsqRIFgbMLbTcLD6cOao82TaWefPXQvB2fOC4AjuYSEndS7N/mTCbkdQ==

statuses@^2.0.1:
  version "2.0.2"
  resolved "https://registry.yarnpkg.com/statuses/-/statuses-2.0.2.tgz#8f75eecef765b5e1cfcdc080da59409ed424e382"
  integrity sha512-DvEy55V3DB7uknRo+4iOGT5fP1slR8wQohVdknigZPMpMstaKJQWhwiYBACJE3Ul2pTnATihhBYnRhZQHGBiRw==

stream@^0.0.2:
  version "0.0.2"
  resolved "https://registry.yarnpkg.com/stream/-/stream-0.0.2.tgz#7f5363f057f6592c5595f00bc80a27f5cec1f0ef"
  integrity sha512-gCq3NDI2P35B2n6t76YJuOp7d6cN/C7Rt0577l91wllh0sY9ZBuw9KaSGqH/b0hzn3CWWJbpbW0W0WvQ1H/Q7g==
  dependencies:
    emitter-component "^1.1.1"

string-to-stream@^1.0.1:
  version "1.1.1"
  resolved "https://registry.yarnpkg.com/string-to-stream/-/string-to-stream-1.1.1.tgz#aba78f73e70661b130ee3e1c0192be4fef6cb599"
  integrity sha512-QySF2+3Rwq0SdO3s7BAp4x+c3qsClpPQ6abAmb0DGViiSBAkT5kL6JT2iyzEVP+T1SmzHrQD1TwlP9QAHCc+Sw==
  dependencies:
    inherits "^2.0.1"
    readable-stream "^2.1.0"

string_decoder@~0.10.x:
  version "0.10.31"
  resolved "https://registry.yarnpkg.com/string_decoder/-/string_decoder-0.10.31.tgz#62e203bc41766c6c28c9fc84301dab1c5310fa94"
  integrity sha512-ev2QzSzWPYmy9GuqfIVildA4OdcGLeFZQrq5ys6RtiuF+RQQiZWr8TZNyAcuVXyQRYfEO+MsoB/1BuQVhOJuoQ==

string_decoder@~1.1.1:
  version "1.1.1"
  resolved "https://registry.yarnpkg.com/string_decoder/-/string_decoder-1.1.1.tgz#9cf1611ba62685d7030ae9e4ba34149c3af03fc8"
  integrity sha512-n/ShnvDi6FHbbVfviro+WojiFzv+s8MPMHBczVePfUpDJLwoLT0ht1l4YwBCbi8pJAveEEdnkHyPyTP/mzRfwg==
  dependencies:
    safe-buffer "~5.1.0"

strnum@^2.1.0:
  version "2.1.1"
  resolved "https://registry.yarnpkg.com/strnum/-/strnum-2.1.1.tgz#cf2a6e0cf903728b8b2c4b971b7e36b4e82d46ab"
  integrity sha512-7ZvoFTiCnGxBtDqJ//Cu6fWtZtc7Y3x+QOirG15wztbdngGSkht27o2pyGWrVy0b4WAy3jbKmnoK6g5VlVNUUw==

telnet-client@2.2.6:
  version "2.2.6"
  resolved "https://registry.yarnpkg.com/telnet-client/-/telnet-client-2.2.6.tgz#344fe6dba3529edbc2f3671127e2578a7104502b"
  integrity sha512-ZUYrLsPtQupQww3eSEORDVOb6ztdtKEghya6TVXPo2tg/UQq2pn5rHhvwuUvyYpbnsoqdNY1fyD1GNkXHR8dYA==
  dependencies:
    net "^1.0.2"
    stream "^0.0.2"

toidentifier@1.0.1:
  version "1.0.1"
  resolved "https://registry.yarnpkg.com/toidentifier/-/toidentifier-1.0.1.tgz#3be34321a88a820ed1bd80dfaa33e479fbb8dd35"
  integrity sha512-o5sSPKEkg/DIQNmH43V0/uerLrpzVedkUh8tGNvaeXpfpuwjKenlSox/2O/BTlZUtEe+JG7s5YhEz608PlAHRA==

tsx@^4.0.0:
  version "4.20.6"
  resolved "https://registry.yarnpkg.com/tsx/-/tsx-4.20.6.tgz#8fb803fd9c1f70e8ccc93b5d7c5e03c3979ccb2e"
  integrity sha512-ytQKuwgmrrkDTFP4LjR0ToE2nqgy886GpvRSpU0JAnrdBYppuY5rLkRUYPU1yCryb24SsKBTL/hlDQAEFVwtZg==
  dependencies:
    esbuild "~0.25.0"
    get-tsconfig "^4.7.5"
  optionalDependencies:
    fsevents "~2.3.3"

type-is@^2.0.0, type-is@^2.0.1:
  version "2.0.1"
  resolved "https://registry.yarnpkg.com/type-is/-/type-is-2.0.1.tgz#64f6cf03f92fce4015c2b224793f6bdd4b068c97"
  integrity sha512-OZs6gsjF4vMp32qrCbiVSkrFmXtG/AZhY3t0iAMrMBiAZyV9oALtXO8hsrHbMXF9x6L3grlFuwW2oAz7cav+Gw==
  dependencies:
    content-type "^1.0.5"
    media-typer "^1.1.0"
    mime-types "^3.0.0"

typescript@^5.0.0:
  version "5.9.3"
  resolved "https://registry.yarnpkg.com/typescript/-/typescript-5.9.3.tgz#5b4f59e15310ab17a216f5d6cf53ee476ede670f"
  integrity sha512-jl1vZzPDinLr9eUt3J/t7V6FgNEw9QjvBPdysz9KfQDD41fQrC2Y4vKQdiaUpFT4bXlb1RHhLpp8wtm6M5TgSw==

undici-types@~7.14.0:
  version "7.14.0"
  resolved "https://registry.yarnpkg.com/undici-types/-/undici-types-7.14.0.tgz#4c037b32ca4d7d62fae042174604341588bc0840"
  integrity sha512-QQiYxHuyZ9gQUIrmPo3IA+hUl4KYk8uSA7cHrcKd/l3p1OTpZcM0Tbp9x7FAtXdAYhlasd60ncPpgu6ihG6TOA==

unpipe@1.0.0:
  version "1.0.0"
  resolved "https://registry.yarnpkg.com/unpipe/-/unpipe-1.0.0.tgz#b2bf4ee8514aae6165b4817829d21b2ef49904ec"
  integrity sha512-pjy2bYhSsufwWlKwPc+l3cN7+wuJlK6uz0YdJEOlQDbl6jo/YlPi4mb8agUkVC8BF7V8NuzeyPNqRksA3hztKQ==

util-deprecate@~1.0.1:
  version "1.0.2"
  resolved "https://registry.yarnpkg.com/util-deprecate/-/util-deprecate-1.0.2.tgz#450d4dc9fa70de732762fbd2d4a28981419a0ccf"
  integrity sha512-EPD5q1uXyFxJpCrLnCc1nHnq3gOa6DZBocAIiI2TaSCA7VCJ1UJDMagCzIkXNsUYfD1daK//LTEQ8xiIbrHtcw==

varint@6.0.0:
  version "6.0.0"
  resolved "https://registry.yarnpkg.com/varint/-/varint-6.0.0.tgz#9881eb0ce8feaea6512439d19ddf84bf551661d0"
  integrity sha512-cXEIW6cfr15lFv563k4GuVuW/fiwjknytD37jIOLSdSWuOI6WnO/oKwmP2FQTU2l01LP8/M5TSAJpzUaGe3uWg==

vary@^1.1.2:
  version "1.1.2"
  resolved "https://registry.yarnpkg.com/vary/-/vary-1.1.2.tgz#2299f02c6ded30d4a5961b0b9f74524a18f634fc"
  integrity sha512-BNGbWLfd0eUPabhkXUVm0j8uuvREyTh5ovRa/dyow/BqAbZJyC+5fU+IzQOzmAKzYqYRAISoRhdQr3eIZ/PXqg==

wrappy@1:
  version "1.0.2"
  resolved "https://registry.yarnpkg.com/wrappy/-/wrappy-1.0.2.tgz#b5243d8f3ec1aa35f1364605bc0d1036e30ab69f"
  integrity sha512-l4Sp/DRseor9wL6EvV2+TuQn63dMkPjZ/sp9XkghTEbV9KlPS1xUsZ3u7/IQO4wxtcFB4bgpQPRcR3QCvezPcQ==

ws@^8.18.3:
  version "8.18.3"
  resolved "https://registry.yarnpkg.com/ws/-/ws-8.18.3.tgz#b56b88abffde62791c639170400c93dcb0c95472"
  integrity sha512-PEIGCY5tSlUt50cqyMXfCzX+oOPqN0vuGqWzbcJ2xvnkzkq46oOpz7dQaTDBdfICb4N14+GARUDw2XV2N4tvzg==

xmlbuilder@8.2.x:
  version "8.2.2"
  resolved "https://registry.yarnpkg.com/xmlbuilder/-/xmlbuilder-8.2.2.tgz#69248673410b4ba42e1a6136551d2922335aa773"
  integrity sha512-eKRAFz04jghooy8muekqzo8uCSVNeyRedbuJrp0fovbLIi7wlsYtdUn3vBAAPq2Y3/0xMz2WMEUQ8yhVVO9Stw==

xmlrpc@^1.3.1:
  version "1.3.2"
  resolved "https://registry.yarnpkg.com/xmlrpc/-/xmlrpc-1.3.2.tgz#26b2ea347848d028aac7e7514b5351976de3e83d"
  integrity sha512-jQf5gbrP6wvzN71fgkcPPkF4bF/Wyovd7Xdff8d6/ihxYmgETQYSuTc+Hl+tsh/jmgPLro/Aro48LMFlIyEKKQ==
  dependencies:
    sax "1.2.x"
    xmlbuilder "8.2.x"
